
Microsoft Visual Studio Solution File, Format Version 12.00
# Visual Studio Version 16
VisualStudioVersion = 16.0.29215.179
MinimumVisualStudioVersion = 10.0.40219.1
Project("{FAE04EC0-301F-11D3-BF4B-00C04F79EFBC}") = "class1", "..\..\..\..\repos\C#\class1\class1.csproj", "{5F42FDDC-B4B5-4AA6-81FD-866009B392E2}"
EndProject
Global
	GlobalSection(SolutionConfigurationPlatforms) = preSolution
		Debug|Any CPU = Debug|Any CPU
		Release|Any CPU = Release|Any CPU
	EndGlobalSection
	GlobalSection(ProjectConfigurationPlatforms) = postSolution
		{5F42FDDC-B4B5-4AA6-81FD-866009B392E2}.Debug|Any CPU.ActiveCfg = Debug|Any CPU
		{5F42FDDC-B4B5-4AA6-81FD-866009B392E2}.Debug|Any CPU.Build.0 = Debug|Any CPU
		{5F42FDDC-B4B5-4AA6-81FD-866009B392E2}.Release|Any CPU.ActiveCfg = Release|Any CPU
		{5F42FDDC-B4B5-4AA6-81FD-866009B392E2}.Release|Any CPU.Build.0 = Release|Any CPU
	EndGlobalSection
	GlobalSection(SolutionProperties) = preSolution
		HideSolutionNode = FALSE
	EndGlobalSection
	GlobalSection(ExtensibilityGlobals) = postSolution
		SolutionGuid = {223315E5-2FA5-41BC-AF3D-4BB4884C83B1}
	EndGlobalSection
EndGlobal
