
Microsoft Visual Studio Solution File, Format Version 12.00
# Visual Studio Version 16
VisualStudioVersion = 16.0.29215.179
MinimumVisualStudioVersion = 10.0.40219.1
Project("{FAE04EC0-301F-11D3-BF4B-00C04F79EFBC}") = "Console", "Console\Console.csproj", "{BDF10101-891B-4C10-B055-40C06935CE5E}"
EndProject
Global
	GlobalSection(SolutionConfigurationPlatforms) = preSolution
		Debug|Any CPU = Debug|Any CPU
		Release|Any CPU = Release|Any CPU
	EndGlobalSection
	GlobalSection(ProjectConfigurationPlatforms) = postSolution
		{BDF10101-891B-4C10-B055-40C06935CE5E}.Debug|Any CPU.ActiveCfg = Debug|Any CPU
		{BDF10101-891B-4C10-B055-40C06935CE5E}.Debug|Any CPU.Build.0 = Debug|Any CPU
		{BDF10101-891B-4C10-B055-40C06935CE5E}.Release|Any CPU.ActiveCfg = Release|Any CPU
		{BDF10101-891B-4C10-B055-40C06935CE5E}.Release|Any CPU.Build.0 = Release|Any CPU
	EndGlobalSection
	GlobalSection(SolutionProperties) = preSolution
		HideSolutionNode = FALSE
	EndGlobalSection
	GlobalSection(ExtensibilityGlobals) = postSolution
		SolutionGuid = {E1FD484C-BDD7-4B7C-967F-93EB8B1C170D}
	EndGlobalSection
EndGlobal
